# Generated by pub
# See https://dart.dev/tools/pub/glossary#lockfile
packages:
  tex:
    dependency: "direct main"
    description:
      name: tex
      sha256: "37294b6856ac101dc4fdb625859146790a53a97b452a651a75a3b2e45176cede"
      url: "https://pub.dev"
    source: hosted
    version: "0.0.1"
sdks:
  dart: ">=2.19.2 <3.0.0"
